{
    "_readme": [
        "This file locks the dependencies of your project to a known state",
        "Read more about it at https://getcomposer.org/doc/01-basic-usage.md#installing-dependencies",
        "This file is @generated automatically"
    ],
    "content-hash": "fb595db99b55ae096926b1f78e78ade6",
    "packages": [],
    "packages-dev": [
        {
            "name": "symplify/easy-coding-standard",
            "version": "12.3.6",
            "source": {
                "type": "git",
                "url": "https://github.com/easy-coding-standard/easy-coding-standard.git",
                "reference": "c0f378782d06dfd21c66c3024e9d28f4e737645e"
            },
            "dist": {
                "type": "zip",
                "url": "https://api.github.com/repos/easy-coding-standard/easy-coding-standard/zipball/c0f378782d06dfd21c66c3024e9d28f4e737645e",
                "reference": "c0f378782d06dfd21c66c3024e9d28f4e737645e",
                "shasum": ""
            },
            "require": {
                "php": ">=7.2"
            },
            "conflict": {
                "friendsofphp/php-cs-fixer": "<3.46",
                "phpcsstandards/php_codesniffer": "<3.8",
                "symplify/coding-standard": "<12.1"
            },
            "suggest": {
                "ext-dom": "Needed to support checkstyle output format in class CheckstyleOutputFormatter"
            },
            "bin": [
                "bin/ecs"
            ],
            "type": "library",
            "autoload": {
                "files": [
                    "bootstrap.php"
                ]
            },
            "notification-url": "https://packagist.org/downloads/",
            "license": [
                "MIT"
            ],
            "description": "Use Coding Standard with 0-knowledge of PHP-CS-Fixer and PHP_CodeSniffer",
            "keywords": [
                "Code style",
                "automation",
                "fixer",
                "static analysis"
            ],
            "support": {
                "issues": "https://github.com/easy-coding-standard/easy-coding-standard/issues",
                "source": "https://github.com/easy-coding-standard/easy-coding-standard/tree/12.3.6"
            },
            "funding": [
                {
                    "url": "https://www.paypal.me/rectorphp",
                    "type": "custom"
                },
                {
                    "url": "https://github.com/tomasvotruba",
                    "type": "github"
                }
            ],
            "time": "2024-10-06T08:27:28+00:00"
        },
        {
            "name": "symplify/monorepo-builder",
            "version": "11.2.22",
            "source": {
                "type": "git",
                "url": "https://github.com/symplify/monorepo-builder.git",
                "reference": "c913a8524ee276c8c21a09012c137f6913b5dcad"
            },
            "dist": {
                "type": "zip",
                "url": "https://api.github.com/repos/symplify/monorepo-builder/zipball/c913a8524ee276c8c21a09012c137f6913b5dcad",
                "reference": "c913a8524ee276c8c21a09012c137f6913b5dcad",
                "shasum": ""
            },
            "require": {
                "php": ">=7.2"
            },
            "bin": [
                "bin/monorepo-builder"
            ],
            "type": "library",
            "extra": {
                "branch-alias": {
                    "dev-main": "10.3-dev"
                }
            },
            "autoload": {
                "files": [
                    "bootstrap.php"
                ]
            },
            "notification-url": "https://packagist.org/downloads/",
            "license": [
                "MIT"
            ],
            "description": "Prefixed version of Not only Composer tools to build a Monorepo.",
            "support": {
                "issues": "https://github.com/symplify/monorepo-builder/issues",
                "source": "https://github.com/symplify/monorepo-builder/tree/11.2.22"
            },
            "funding": [
                {
                    "url": "https://www.paypal.me/rectorphp",
                    "type": "custom"
                },
                {
                    "url": "https://github.com/tomasvotruba",
                    "type": "github"
                }
            ],
            "time": "2024-08-23T03:19:18+00:00"
        }
    ],
    "aliases": [],
    "minimum-stability": "stable",
    "stability-flags": [],
    "prefer-stable": false,
    "prefer-lowest": false,
    "platform": {
        "php": "^8.3"
    },
    "platform-dev": [],
    "plugin-api-version": "2.6.0"
}
